
Microsoft Visual Studio Solution File, Format Version 12.00
# Visual Studio Version 17
VisualStudioVersion = 17.6.33829.357
MinimumVisualStudioVersion = 10.0.40219.1
Project("{FAE04EC0-301F-11D3-BF4B-00C04F79EFBC}") = "SNGeneratorAPI", "SNGeneratorAPI.csproj", "{68B163C2-84BF-4232-A389-6ED99DB24FF2}"
EndProject
Global
	GlobalSection(SolutionConfigurationPlatforms) = preSolution
		Debug|Any CPU = Debug|Any CPU
		Release|Any CPU = Release|Any CPU
	EndGlobalSection
	GlobalSection(ProjectConfigurationPlatforms) = postSolution
		{68B163C2-84BF-4232-A389-6ED99DB24FF2}.Debug|Any CPU.ActiveCfg = Debug|Any CPU
		{68B163C2-84BF-4232-A389-6ED99DB24FF2}.Debug|Any CPU.Build.0 = Debug|Any CPU
		{68B163C2-84BF-4232-A389-6ED99DB24FF2}.Release|Any CPU.ActiveCfg = Release|Any CPU
		{68B163C2-84BF-4232-A389-6ED99DB24FF2}.Release|Any CPU.Build.0 = Release|Any CPU
	EndGlobalSection
	GlobalSection(SolutionProperties) = preSolution
		HideSolutionNode = FALSE
	EndGlobalSection
	GlobalSection(ExtensibilityGlobals) = postSolution
		SolutionGuid = {2426B558-8547-49AD-A7DE-CA4DECC15979}
	EndGlobalSection
EndGlobal
